
Microsoft Visual Studio Solution File, Format Version 12.00
# Visual Studio Version 17
VisualStudioVersion = 17.8.34330.188
MinimumVisualStudioVersion = 10.0.40219.1
Project("{8BC9CEB8-8B4A-11D0-8D11-00A0C91BC942}") = "TIM8121-7-Project", "TIM8121-7-Project.vcxproj", "{4EAFD8ED-C896-4D19-B89F-DF8522B265BC}"
EndProject
Global
	GlobalSection(SolutionConfigurationPlatforms) = preSolution
		Debug|x64 = Debug|x64
		Debug|x86 = Debug|x86
		Release|x64 = Release|x64
		Release|x86 = Release|x86
	EndGlobalSection
	GlobalSection(ProjectConfigurationPlatforms) = postSolution
		{4EAFD8ED-C896-4D19-B89F-DF8522B265BC}.Debug|x64.ActiveCfg = Debug|x64
		{4EAFD8ED-C896-4D19-B89F-DF8522B265BC}.Debug|x64.Build.0 = Debug|x64
		{4EAFD8ED-C896-4D19-B89F-DF8522B265BC}.Debug|x86.ActiveCfg = Debug|Win32
		{4EAFD8ED-C896-4D19-B89F-DF8522B265BC}.Debug|x86.Build.0 = Debug|Win32
		{4EAFD8ED-C896-4D19-B89F-DF8522B265BC}.Release|x64.ActiveCfg = Release|x64
		{4EAFD8ED-C896-4D19-B89F-DF8522B265BC}.Release|x64.Build.0 = Release|x64
		{4EAFD8ED-C896-4D19-B89F-DF8522B265BC}.Release|x86.ActiveCfg = Release|Win32
		{4EAFD8ED-C896-4D19-B89F-DF8522B265BC}.Release|x86.Build.0 = Release|Win32
	EndGlobalSection
	GlobalSection(SolutionProperties) = preSolution
		HideSolutionNode = FALSE
	EndGlobalSection
	GlobalSection(ExtensibilityGlobals) = postSolution
		SolutionGuid = {B3F33299-5396-445F-998E-9F3B1096D8B6}
	EndGlobalSection
EndGlobal
